
Microsoft Visual Studio Solution File, Format Version 12.00
# Visual Studio 15
VisualStudioVersion = 15.0.27428.2043
MinimumVisualStudioVersion = 10.0.40219.1
Project("{FAE04EC0-301F-11D3-BF4B-00C04F79EFBC}") = "ExerciciosForVetor", "ExerciciosForVetor.csproj", "{EBD0F997-9E85-402F-890F-5AE19A9017B5}"
EndProject
Global
	GlobalSection(SolutionConfigurationPlatforms) = preSolution
		Debug|Any CPU = Debug|Any CPU
		Release|Any CPU = Release|Any CPU
	EndGlobalSection
	GlobalSection(ProjectConfigurationPlatforms) = postSolution
		{EBD0F997-9E85-402F-890F-5AE19A9017B5}.Debug|Any CPU.ActiveCfg = Debug|Any CPU
		{EBD0F997-9E85-402F-890F-5AE19A9017B5}.Debug|Any CPU.Build.0 = Debug|Any CPU
		{EBD0F997-9E85-402F-890F-5AE19A9017B5}.Release|Any CPU.ActiveCfg = Release|Any CPU
		{EBD0F997-9E85-402F-890F-5AE19A9017B5}.Release|Any CPU.Build.0 = Release|Any CPU
	EndGlobalSection
	GlobalSection(SolutionProperties) = preSolution
		HideSolutionNode = FALSE
	EndGlobalSection
	GlobalSection(ExtensibilityGlobals) = postSolution
		SolutionGuid = {3D83B3EA-F582-4342-AAD2-FBC791FD42A1}
	EndGlobalSection
EndGlobal
